
Microsoft Visual Studio Solution File, Format Version 12.00
# Visual Studio Version 16
VisualStudioVersion = 16.0.32630.194
MinimumVisualStudioVersion = 10.0.40219.1
Project("{FAE04EC0-301F-11D3-BF4B-00C04F79EFBC}") = "C-Sharp-TypeConversion-Patika.dev", "C-Sharp-TypeConversion-Patika.dev\C-Sharp-TypeConversion-Patika.dev.csproj", "{9E33F91D-FA07-45C0-A13C-31D82AEF76E3}"
EndProject
Global
	GlobalSection(SolutionConfigurationPlatforms) = preSolution
		Debug|Any CPU = Debug|Any CPU
		Release|Any CPU = Release|Any CPU
	EndGlobalSection
	GlobalSection(ProjectConfigurationPlatforms) = postSolution
		{9E33F91D-FA07-45C0-A13C-31D82AEF76E3}.Debug|Any CPU.ActiveCfg = Debug|Any CPU
		{9E33F91D-FA07-45C0-A13C-31D82AEF76E3}.Debug|Any CPU.Build.0 = Debug|Any CPU
		{9E33F91D-FA07-45C0-A13C-31D82AEF76E3}.Release|Any CPU.ActiveCfg = Release|Any CPU
		{9E33F91D-FA07-45C0-A13C-31D82AEF76E3}.Release|Any CPU.Build.0 = Release|Any CPU
	EndGlobalSection
	GlobalSection(SolutionProperties) = preSolution
		HideSolutionNode = FALSE
	EndGlobalSection
	GlobalSection(ExtensibilityGlobals) = postSolution
		SolutionGuid = {C7ECF6C9-23CC-4161-88EF-7E40CB82A3A4}
	EndGlobalSection
EndGlobal
